
Microsoft Visual Studio Solution File, Format Version 12.00
# Visual Studio Version 16
VisualStudioVersion = 16.0.29609.76
MinimumVisualStudioVersion = 10.0.40219.1
Project("{8BC9CEB8-8B4A-11D0-8D11-00A0C91BC942}") = "ConsoleApplication1", "ConsoleApplication1.vcxproj", "{C6CDCCCD-C17D-4143-9E47-3CEA97D9B601}"
EndProject
Global
	GlobalSection(SolutionConfigurationPlatforms) = preSolution
		Debug|x64 = Debug|x64
		Debug|x86 = Debug|x86
		Release|x64 = Release|x64
		Release|x86 = Release|x86
	EndGlobalSection
	GlobalSection(ProjectConfigurationPlatforms) = postSolution
		{C6CDCCCD-C17D-4143-9E47-3CEA97D9B601}.Debug|x64.ActiveCfg = Debug|x64
		{C6CDCCCD-C17D-4143-9E47-3CEA97D9B601}.Debug|x64.Build.0 = Debug|x64
		{C6CDCCCD-C17D-4143-9E47-3CEA97D9B601}.Debug|x86.ActiveCfg = Debug|Win32
		{C6CDCCCD-C17D-4143-9E47-3CEA97D9B601}.Debug|x86.Build.0 = Debug|Win32
		{C6CDCCCD-C17D-4143-9E47-3CEA97D9B601}.Release|x64.ActiveCfg = Release|x64
		{C6CDCCCD-C17D-4143-9E47-3CEA97D9B601}.Release|x64.Build.0 = Release|x64
		{C6CDCCCD-C17D-4143-9E47-3CEA97D9B601}.Release|x86.ActiveCfg = Release|Win32
		{C6CDCCCD-C17D-4143-9E47-3CEA97D9B601}.Release|x86.Build.0 = Release|Win32
	EndGlobalSection
	GlobalSection(SolutionProperties) = preSolution
		HideSolutionNode = FALSE
	EndGlobalSection
	GlobalSection(ExtensibilityGlobals) = postSolution
		SolutionGuid = {C5463600-C991-451D-A65A-04B6A70A1597}
	EndGlobalSection
EndGlobal
